
Microsoft Visual Studio Solution File, Format Version 12.00
# Visual Studio Version 16
VisualStudioVersion = 16.0.31205.134
MinimumVisualStudioVersion = 10.0.40219.1
Project("{FAE04EC0-301F-11D3-BF4B-00C04F79EFBC}") = "senai_locadoraRental_webAPI", "senai_locadoraRental_webAPI\senai_locadoraRental_webAPI.csproj", "{55832AB7-A197-480B-B6A8-0C7304CF4709}"
EndProject
Global
	GlobalSection(SolutionConfigurationPlatforms) = preSolution
		Debug|Any CPU = Debug|Any CPU
		Release|Any CPU = Release|Any CPU
	EndGlobalSection
	GlobalSection(ProjectConfigurationPlatforms) = postSolution
		{55832AB7-A197-480B-B6A8-0C7304CF4709}.Debug|Any CPU.ActiveCfg = Debug|Any CPU
		{55832AB7-A197-480B-B6A8-0C7304CF4709}.Debug|Any CPU.Build.0 = Debug|Any CPU
		{55832AB7-A197-480B-B6A8-0C7304CF4709}.Release|Any CPU.ActiveCfg = Release|Any CPU
		{55832AB7-A197-480B-B6A8-0C7304CF4709}.Release|Any CPU.Build.0 = Release|Any CPU
	EndGlobalSection
	GlobalSection(SolutionProperties) = preSolution
		HideSolutionNode = FALSE
	EndGlobalSection
	GlobalSection(ExtensibilityGlobals) = postSolution
		SolutionGuid = {4E659D52-24ED-4E36-BC21-7EE572066548}
	EndGlobalSection
EndGlobal
